
Microsoft Visual Studio Solution File, Format Version 12.00
Project("{FAE04EC0-301F-11D3-BF4B-00C04F79EFBC}") = "Ursa", "src\Ursa\Ursa.csproj", "{14E5B6D1-E3ED-41D7-9664-37ABE3B22558}"
EndProject
Project("{FAE04EC0-301F-11D3-BF4B-00C04F79EFBC}") = "Ursa.Demo", "demo\Ursa.Demo\Ursa.Demo.csproj", "{407A91FD-A88B-459B-8DCE-8C6AA98279FE}"
EndProject
Project("{FAE04EC0-301F-11D3-BF4B-00C04F79EFBC}") = "Ursa.Themes.Semi", "src\Ursa.Themes.Semi\Ursa.Themes.Semi.csproj", "{53B5F277-3AEB-4661-ACAE-15CFFF2ED800}"
EndProject
Project("{2150E333-8FDC-42A3-9474-1A3956D46DE8}") = "Demo", "Demo", "{A41BAF0D-DA61-4A63-889A-084BAD36FD66}"
EndProject
Project("{FAE04EC0-301F-11D3-BF4B-00C04F79EFBC}") = "Ursa.Demo.Android", "demo\Ursa.Demo.Android\Ursa.Demo.Android.csproj", "{3FC76CD9-CE5D-4804-A8D6-4E292EB296AA}"
EndProject
Project("{FAE04EC0-301F-11D3-BF4B-00C04F79EFBC}") = "Ursa.Demo.Desktop", "demo\Ursa.Demo.Desktop\Ursa.Demo.Desktop.csproj", "{B6BAB821-A9FE-44F3-B9CD-06E27FDB63F6}"
EndProject
Project("{FAE04EC0-301F-11D3-BF4B-00C04F79EFBC}") = "Ursa.Demo.iOS", "demo\Ursa.Demo.iOS\Ursa.Demo.iOS.csproj", "{94C2BBD9-8B57-4AE9-AAFD-7D4335B15A8E}"
EndProject
Project("{FAE04EC0-301F-11D3-BF4B-00C04F79EFBC}") = "Ursa.Demo.Browser", "demo\Ursa.Demo.Browser\Ursa.Demo.Browser.csproj", "{D1942476-8473-4608-BB9F-5AC01083BBDA}"
EndProject
Project("{FAE04EC0-301F-11D3-BF4B-00C04F79EFBC}") = "Ursa.PrismExtension", "src\Ursa.PrismExtension\Ursa.PrismExtension.csproj", "{2E934F60-F5DF-4856-B05A-B949C7F9D948}"
EndProject
Project("{FAE04EC0-301F-11D3-BF4B-00C04F79EFBC}") = "Ursa.PrismDialogDemo", "demo\Ursa.PrismDialogDemo\Ursa.PrismDialogDemo.csproj", "{F99B3D07-4560-4B05-892C-0FF2757FEF2E}"
EndProject
Project("{2150E333-8FDC-42A3-9474-1A3956D46DE8}") = "Solution Files", "Solution Files", "{9D34CC2C-9BFA-4138-BA5A-CD3744F9B589}"
	ProjectSection(SolutionItems) = preProject
		src\Package.props = src\Package.props
		demo\Directory.Build.props = demo\Directory.Build.props
	EndProjectSection
EndProject
Global
	GlobalSection(SolutionConfigurationPlatforms) = preSolution
		Debug|Any CPU = Debug|Any CPU
		Release|Any CPU = Release|Any CPU
	EndGlobalSection
	GlobalSection(ProjectConfigurationPlatforms) = postSolution
		{14E5B6D1-E3ED-41D7-9664-37ABE3B22558}.Debug|Any CPU.ActiveCfg = Debug|Any CPU
		{14E5B6D1-E3ED-41D7-9664-37ABE3B22558}.Debug|Any CPU.Build.0 = Debug|Any CPU
		{14E5B6D1-E3ED-41D7-9664-37ABE3B22558}.Release|Any CPU.ActiveCfg = Release|Any CPU
		{14E5B6D1-E3ED-41D7-9664-37ABE3B22558}.Release|Any CPU.Build.0 = Release|Any CPU
		{407A91FD-A88B-459B-8DCE-8C6AA98279FE}.Debug|Any CPU.ActiveCfg = Debug|Any CPU
		{407A91FD-A88B-459B-8DCE-8C6AA98279FE}.Debug|Any CPU.Build.0 = Debug|Any CPU
		{407A91FD-A88B-459B-8DCE-8C6AA98279FE}.Release|Any CPU.ActiveCfg = Release|Any CPU
		{407A91FD-A88B-459B-8DCE-8C6AA98279FE}.Release|Any CPU.Build.0 = Release|Any CPU
		{53B5F277-3AEB-4661-ACAE-15CFFF2ED800}.Debug|Any CPU.ActiveCfg = Debug|Any CPU
		{53B5F277-3AEB-4661-ACAE-15CFFF2ED800}.Debug|Any CPU.Build.0 = Debug|Any CPU
		{53B5F277-3AEB-4661-ACAE-15CFFF2ED800}.Release|Any CPU.ActiveCfg = Release|Any CPU
		{53B5F277-3AEB-4661-ACAE-15CFFF2ED800}.Release|Any CPU.Build.0 = Release|Any CPU
		{3FC76CD9-CE5D-4804-A8D6-4E292EB296AA}.Debug|Any CPU.ActiveCfg = Debug|Any CPU
		{3FC76CD9-CE5D-4804-A8D6-4E292EB296AA}.Debug|Any CPU.Build.0 = Debug|Any CPU
		{3FC76CD9-CE5D-4804-A8D6-4E292EB296AA}.Release|Any CPU.ActiveCfg = Release|Any CPU
		{3FC76CD9-CE5D-4804-A8D6-4E292EB296AA}.Release|Any CPU.Build.0 = Release|Any CPU
		{B6BAB821-A9FE-44F3-B9CD-06E27FDB63F6}.Debug|Any CPU.ActiveCfg = Debug|Any CPU
		{B6BAB821-A9FE-44F3-B9CD-06E27FDB63F6}.Debug|Any CPU.Build.0 = Debug|Any CPU
		{B6BAB821-A9FE-44F3-B9CD-06E27FDB63F6}.Release|Any CPU.ActiveCfg = Release|Any CPU
		{B6BAB821-A9FE-44F3-B9CD-06E27FDB63F6}.Release|Any CPU.Build.0 = Release|Any CPU
		{94C2BBD9-8B57-4AE9-AAFD-7D4335B15A8E}.Debug|Any CPU.ActiveCfg = Debug|Any CPU
		{94C2BBD9-8B57-4AE9-AAFD-7D4335B15A8E}.Debug|Any CPU.Build.0 = Debug|Any CPU
		{94C2BBD9-8B57-4AE9-AAFD-7D4335B15A8E}.Release|Any CPU.ActiveCfg = Release|Any CPU
		{94C2BBD9-8B57-4AE9-AAFD-7D4335B15A8E}.Release|Any CPU.Build.0 = Release|Any CPU
		{D1942476-8473-4608-BB9F-5AC01083BBDA}.Debug|Any CPU.ActiveCfg = Debug|Any CPU
		{D1942476-8473-4608-BB9F-5AC01083BBDA}.Debug|Any CPU.Build.0 = Debug|Any CPU
		{D1942476-8473-4608-BB9F-5AC01083BBDA}.Release|Any CPU.ActiveCfg = Release|Any CPU
		{D1942476-8473-4608-BB9F-5AC01083BBDA}.Release|Any CPU.Build.0 = Release|Any CPU
		{2E934F60-F5DF-4856-B05A-B949C7F9D948}.Debug|Any CPU.ActiveCfg = Debug|Any CPU
		{2E934F60-F5DF-4856-B05A-B949C7F9D948}.Debug|Any CPU.Build.0 = Debug|Any CPU
		{2E934F60-F5DF-4856-B05A-B949C7F9D948}.Release|Any CPU.ActiveCfg = Release|Any CPU
		{2E934F60-F5DF-4856-B05A-B949C7F9D948}.Release|Any CPU.Build.0 = Release|Any CPU
		{F99B3D07-4560-4B05-892C-0FF2757FEF2E}.Debug|Any CPU.ActiveCfg = Debug|Any CPU
		{F99B3D07-4560-4B05-892C-0FF2757FEF2E}.Debug|Any CPU.Build.0 = Debug|Any CPU
		{F99B3D07-4560-4B05-892C-0FF2757FEF2E}.Release|Any CPU.ActiveCfg = Release|Any CPU
		{F99B3D07-4560-4B05-892C-0FF2757FEF2E}.Release|Any CPU.Build.0 = Release|Any CPU
	EndGlobalSection
	GlobalSection(NestedProjects) = preSolution
		{407A91FD-A88B-459B-8DCE-8C6AA98279FE} = {A41BAF0D-DA61-4A63-889A-084BAD36FD66}
		{3FC76CD9-CE5D-4804-A8D6-4E292EB296AA} = {A41BAF0D-DA61-4A63-889A-084BAD36FD66}
		{B6BAB821-A9FE-44F3-B9CD-06E27FDB63F6} = {A41BAF0D-DA61-4A63-889A-084BAD36FD66}
		{94C2BBD9-8B57-4AE9-AAFD-7D4335B15A8E} = {A41BAF0D-DA61-4A63-889A-084BAD36FD66}
		{D1942476-8473-4608-BB9F-5AC01083BBDA} = {A41BAF0D-DA61-4A63-889A-084BAD36FD66}
		{F99B3D07-4560-4B05-892C-0FF2757FEF2E} = {A41BAF0D-DA61-4A63-889A-084BAD36FD66}
	EndGlobalSection
EndGlobal
